
Microsoft Visual Studio Solution File, Format Version 12.00
# Visual Studio Version 17
VisualStudioVersion = 17.3.32825.248
MinimumVisualStudioVersion = 10.0.40219.1
Project("{FAE04EC0-301F-11D3-BF4B-00C04F79EFBC}") = "EnviarResultados", "EnviarResultados\EnviarResultados.csproj", "{960D4B5A-10BF-452E-BB92-E8E4DAD6A7F9}"
EndProject
Global
	GlobalSection(SolutionConfigurationPlatforms) = preSolution
		Debug|Any CPU = Debug|Any CPU
		Release|Any CPU = Release|Any CPU
	EndGlobalSection
	GlobalSection(ProjectConfigurationPlatforms) = postSolution
		{960D4B5A-10BF-452E-BB92-E8E4DAD6A7F9}.Debug|Any CPU.ActiveCfg = Debug|Any CPU
		{960D4B5A-10BF-452E-BB92-E8E4DAD6A7F9}.Debug|Any CPU.Build.0 = Debug|Any CPU
		{960D4B5A-10BF-452E-BB92-E8E4DAD6A7F9}.Release|Any CPU.ActiveCfg = Release|Any CPU
		{960D4B5A-10BF-452E-BB92-E8E4DAD6A7F9}.Release|Any CPU.Build.0 = Release|Any CPU
	EndGlobalSection
	GlobalSection(SolutionProperties) = preSolution
		HideSolutionNode = FALSE
	EndGlobalSection
	GlobalSection(ExtensibilityGlobals) = postSolution
		SolutionGuid = {7254FD28-C50F-47CC-8032-ED9CD16B864B}
	EndGlobalSection
EndGlobal
